# Generated by Kaixa. Do not edit manually.
schema = 1

[[package]]
name = "brasa"
version = "0.1.0-dev"
resolver = "cmake"
resolutions = [
    { roots = ["brasa"], profile = "debug", target = "windows", features = [], dependencies = ["brasa_ecs"], variants = [{ features = [], policy = "96fe3d3855398d1a", contexts = ["brasa:default"] }] },
    { roots = ["brasa", "brasa_ecs"], profile = "debug", target = "windows", features = [], dependencies = ["brasa_ecs"], variants = [{ features = [], policy = "96fe3d3855398d1a", contexts = ["brasa:default"] }] },
]

[[package]]
name = "brasa_ecs"
version = "0.1.0-dev"
resolver = "cmake"
resolutions = [
    { roots = ["brasa"], profile = "debug", target = "windows", features = [], dependencies = [], variants = [{ features = [], policy = "96fe3d3855398d1a", contexts = ["brasa:default", "brasa_ecs:default"] }] },
    { roots = ["brasa", "brasa_ecs"], profile = "debug", target = "windows", features = [], dependencies = [], variants = [{ features = [], policy = "96fe3d3855398d1a", contexts = ["brasa:default", "brasa_ecs:default"] }] },
    { roots = ["brasa_ecs"], profile = "debug", target = "windows", features = [], dependencies = [], variants = [{ features = [], policy = "2d19981b4331fde3", contexts = ["brasa_ecs:default"] }] },
]

[[package]]
name = "google_benchmark"
version = "1.9.4"
resolver = "cmake"
provider = "upstream"
authority = "upstream"
source-driver = "git"
source-options = { tag = "v1.9.4", url = "https://github.com/google/benchmark.git" }
source-identity = "eddb0241389718a23a42db6af5f0164b6e0139af"
source-integrity = "git:eddb0241389718a23a42db6af5f0164b6e0139af"
resolutions = [
    { roots = ["brasa"], profile = "debug", target = "windows", features = [], dependencies = [], variants = [{ features = [], policy = "1d4b4964db0874cd", contexts = ["google_benchmark:default"] }] },
    { roots = ["brasa", "brasa_ecs"], profile = "debug", target = "windows", features = [], dependencies = [], variants = [{ features = [], policy = "1d4b4964db0874cd", contexts = ["google_benchmark:default"] }] },
    { roots = ["brasa_ecs"], profile = "debug", target = "windows", features = [], dependencies = [], variants = [{ features = [], policy = "1d4b4964db0874cd", contexts = ["google_benchmark:default"] }] },
]

[[package]]
name = "googletest"
version = "1.17.0"
resolver = "cmake"
provider = "upstream"
authority = "upstream"
source-driver = "git"
source-options = { tag = "v1.17.0", url = "https://github.com/google/googletest.git" }
source-identity = "52eb8108c5bdec04579160ae17225d66034bd723"
source-integrity = "git:52eb8108c5bdec04579160ae17225d66034bd723"
resolutions = [
    { roots = ["brasa"], profile = "debug", target = "windows", features = [], dependencies = [], variants = [{ features = [], policy = "1d4b4964db0874cd", contexts = ["googletest:default"] }] },
    { roots = ["brasa", "brasa_ecs"], profile = "debug", target = "windows", features = [], dependencies = [], variants = [{ features = [], policy = "1d4b4964db0874cd", contexts = ["googletest:default"] }] },
    { roots = ["brasa_ecs"], profile = "debug", target = "windows", features = [], dependencies = [], variants = [{ features = [], policy = "1d4b4964db0874cd", contexts = ["googletest:default"] }] },
]
